# This file is automatically @generated by Cargo.
# It is not intended for manual editing.
version = 3

[[package]]
name = "bitflags"
version = "2.4.0"
source = "registry+https://github.com/rust-lang/crates.io-index"
checksum = "b4682ae6287fcf752ecaabbfcc7b6f9b72aa33933dc23a554d853aea8eea8635"

[[package]]
name = "ft"
version = "0.1.0"
source = "git+https://github.com/nils-mathieu/libft-rs#7b6d5bc4b5e0d166dab9eed45e8d677927a9f69f"
dependencies = [
 "bitflags",
 "libc",
]

[[package]]
name = "ft-async"
version = "0.1.0"
dependencies = [
 "ft",
]

[[package]]
name = "libc"
version = "0.2.148"
source = "registry+https://github.com/rust-lang/crates.io-index"
checksum = "9cdc71e17332e86d2e1d38c1f99edcb6288ee11b815fb1a4b049eaa2114d369b"

[[package]]
name = "zappy_client"
version = "0.1.0"
dependencies = [
 "ft",
]

[[package]]
name = "zappy_server"
version = "0.1.0"
dependencies = [
 "ft",
]
